# This file is automatically @generated by Cargo.
# It is not intended for manual editing.
version = 4

[[package]]
name = "st-core"
version = "0.1.0"

[[package]]
name = "st-cross-encoder"
version = "0.1.0"

[[package]]
name = "st-dataset"
version = "0.1.0"

[[package]]
name = "st-eval"
version = "0.1.0"

[[package]]
name = "st-loss"
version = "0.1.0"

[[package]]
name = "st-models"
version = "0.1.0"

[[package]]
name = "st-sparse"
version = "0.1.0"

[[package]]
name = "st-tokenize"
version = "0.1.0"
